
Microsoft Visual Studio Solution File, Format Version 12.00
# Visual Studio Version 16
VisualStudioVersion = 16.0.31605.320
MinimumVisualStudioVersion = 10.0.40219.1
Project("{FAE04EC0-301F-11D3-BF4B-00C04F79EFBC}") = "Examen_T3_Calidad", "Examen_T3_Calidad\Examen_T3_Calidad.csproj", "{62C69E05-78E6-4001-ABE3-065826150923}"
EndProject
Global
	GlobalSection(SolutionConfigurationPlatforms) = preSolution
		Debug|Any CPU = Debug|Any CPU
		Release|Any CPU = Release|Any CPU
	EndGlobalSection
	GlobalSection(ProjectConfigurationPlatforms) = postSolution
		{62C69E05-78E6-4001-ABE3-065826150923}.Debug|Any CPU.ActiveCfg = Debug|Any CPU
		{62C69E05-78E6-4001-ABE3-065826150923}.Debug|Any CPU.Build.0 = Debug|Any CPU
		{62C69E05-78E6-4001-ABE3-065826150923}.Release|Any CPU.ActiveCfg = Release|Any CPU
		{62C69E05-78E6-4001-ABE3-065826150923}.Release|Any CPU.Build.0 = Release|Any CPU
	EndGlobalSection
	GlobalSection(SolutionProperties) = preSolution
		HideSolutionNode = FALSE
	EndGlobalSection
	GlobalSection(ExtensibilityGlobals) = postSolution
		SolutionGuid = {7187E126-4F20-4DE9-B75B-E674932433B5}
	EndGlobalSection
EndGlobal
